// !$*UTF8*$!
{
	archiveVersion = 1;
	classes = {
	};
	objectVersion = 50;
	objects = {

/* Begin PBXBuildFile section */
		1D86CD55254058C700E3ADC7 /* main.cpp in Sources */ = {isa = PBXBuildFile; fileRef = 1D86CD54254058C700E3ADC7 /* main.cpp */; };
		1DA90E4525870615005F4F48 /* Direct_multigraph.cpp in Sources */ = {isa = PBXBuildFile; fileRef = 1DA90E4425870615005F4F48 /* Direct_multigraph.cpp */; };
		1DB8B02E2575F145003BD17C /* Derict_Graph.cpp in Sources */ = {isa = PBXBuildFile; fileRef = 1DB8B02D2575F145003BD17C /* Derict_Graph.cpp */; };
/* End PBXBuildFile section */

/* Begin PBXCopyFilesBuildPhase section */
		1D86CD4F254058C700E3ADC7 /* CopyFiles */ = {
			isa = PBXCopyFilesBuildPhase;
			buildActionMask = 2147483647;
			dstPath = /usr/share/man/man1/;
			dstSubfolderSpec = 0;
			files = (
			);
			runOnlyForDeploymentPostprocessing = 1;
		};
/* End PBXCopyFilesBuildPhase section */

/* Begin PBXFileReference section */
		1D6F6B642574F13700941275 /* Direct_graph.h */ = {isa = PBXFileReference; lastKnownFileType = sourcecode.c.h; path = Direct_graph.h; sourceTree = "<group>"; };
		1D78498E259333E80068AE37 /* NVMSkiplist.h */ = {isa = PBXFileReference; lastKnownFileType = sourcecode.c.h; path = NVMSkiplist.h; sourceTree = "<group>"; };
		1D8262B72563DB1300F7953C /* Arena.h */ = {isa = PBXFileReference; lastKnownFileType = sourcecode.c.h; path = Arena.h; sourceTree = "<group>"; };
		1D86CD51254058C700E3ADC7 /* NVM-Graph */ = {isa = PBXFileReference; explicitFileType = "compiled.mach-o.executable"; includeInIndex = 0; path = "NVM-Graph"; sourceTree = BUILT_PRODUCTS_DIR; };
		1D86CD54254058C700E3ADC7 /* main.cpp */ = {isa = PBXFileReference; lastKnownFileType = sourcecode.cpp.cpp; path = main.cpp; sourceTree = "<group>"; };
		1D86CD5C25405CC500E3ADC7 /* UNDerict_Graph.h */ = {isa = PBXFileReference; lastKnownFileType = sourcecode.c.h; path = UNDerict_Graph.h; sourceTree = "<group>"; };
		1DA90E43258705DB005F4F48 /* Direct_multigraph.h */ = {isa = PBXFileReference; lastKnownFileType = sourcecode.c.h; path = Direct_multigraph.h; sourceTree = "<group>"; };
		1DA90E4425870615005F4F48 /* Direct_multigraph.cpp */ = {isa = PBXFileReference; lastKnownFileType = sourcecode.cpp.cpp; path = Direct_multigraph.cpp; sourceTree = "<group>"; };
		1DB615E92566AA0C00FB679E /* InOut.h */ = {isa = PBXFileReference; lastKnownFileType = sourcecode.c.h; path = InOut.h; sourceTree = "<group>"; };
		1DB615EB2567634B00FB679E /* MurmurHash.h */ = {isa = PBXFileReference; lastKnownFileType = sourcecode.c.h; path = MurmurHash.h; sourceTree = "<group>"; };
		1DB615ED2567DF1B00FB679E /* basetable.h */ = {isa = PBXFileReference; lastKnownFileType = sourcecode.c.h; path = basetable.h; sourceTree = "<group>"; };
		1DB615EF2568037000FB679E /* hashtable.h */ = {isa = PBXFileReference; lastKnownFileType = sourcecode.c.h; path = hashtable.h; sourceTree = "<group>"; };
		1DB8B02D2575F145003BD17C /* Derict_Graph.cpp */ = {isa = PBXFileReference; lastKnownFileType = sourcecode.cpp.cpp; path = Derict_Graph.cpp; sourceTree = "<group>"; };
		1DDD74A1259B10E400EC8EFA /* Attr.h */ = {isa = PBXFileReference; lastKnownFileType = sourcecode.c.h; path = Attr.h; sourceTree = "<group>"; };
		1DDD74A2259C164F00EC8EFA /* hash.h */ = {isa = PBXFileReference; lastKnownFileType = sourcecode.c.h; path = hash.h; sourceTree = "<group>"; };
/* End PBXFileReference section */

/* Begin PBXFrameworksBuildPhase section */
		1D86CD4E254058C700E3ADC7 /* Frameworks */ = {
			isa = PBXFrameworksBuildPhase;
			buildActionMask = 2147483647;
			files = (
			);
			runOnlyForDeploymentPostprocessing = 0;
		};
/* End PBXFrameworksBuildPhase section */

/* Begin PBXGroup section */
		1D86CD48254058C700E3ADC7 = {
			isa = PBXGroup;
			children = (
				1D86CD53254058C700E3ADC7 /* NVM-Graph */,
				1D86CD52254058C700E3ADC7 /* Products */,
			);
			sourceTree = "<group>";
		};
		1D86CD52254058C700E3ADC7 /* Products */ = {
			isa = PBXGroup;
			children = (
				1D86CD51254058C700E3ADC7 /* NVM-Graph */,
			);
			name = Products;
			sourceTree = "<group>";
		};
		1D86CD53254058C700E3ADC7 /* NVM-Graph */ = {
			isa = PBXGroup;
			children = (
				1D86CD54254058C700E3ADC7 /* main.cpp */,
				1D6F6B642574F13700941275 /* Direct_graph.h */,
				1DB8B02D2575F145003BD17C /* Derict_Graph.cpp */,
				1DB615ED2567DF1B00FB679E /* basetable.h */,
				1DDD74A2259C164F00EC8EFA /* hash.h */,
				1DA90E43258705DB005F4F48 /* Direct_multigraph.h */,
				1DA90E4425870615005F4F48 /* Direct_multigraph.cpp */,
				1D78498E259333E80068AE37 /* NVMSkiplist.h */,
				1DB615EF2568037000FB679E /* hashtable.h */,
				1D86CD5C25405CC500E3ADC7 /* UNDerict_Graph.h */,
				1D8262B72563DB1300F7953C /* Arena.h */,
				1DB615EB2567634B00FB679E /* MurmurHash.h */,
				1DB615E92566AA0C00FB679E /* InOut.h */,
				1DDD74A1259B10E400EC8EFA /* Attr.h */,
			);
			path = "NVM-Graph";
			sourceTree = "<group>";
		};
/* End PBXGroup section */

/* Begin PBXNativeTarget section */
		1D86CD50254058C700E3ADC7 /* NVM-Graph */ = {
			isa = PBXNativeTarget;
			buildConfigurationList = 1D86CD58254058C700E3ADC7 /* Build configuration list for PBXNativeTarget "NVM-Graph" */;
			buildPhases = (
				1D86CD4D254058C700E3ADC7 /* Sources */,
				1D86CD4E254058C700E3ADC7 /* Frameworks */,
				1D86CD4F254058C700E3ADC7 /* CopyFiles */,
			);
			buildRules = (
			);
			dependencies = (
			);
			name = "NVM-Graph";
			productName = "NVM-Graph";
			productReference = 1D86CD51254058C700E3ADC7 /* NVM-Graph */;
			productType = "com.apple.product-type.tool";
		};
/* End PBXNativeTarget section */

/* Begin PBXProject section */
		1D86CD49254058C700E3ADC7 /* Project object */ = {
			isa = PBXProject;
			attributes = {
				LastUpgradeCheck = 1200;
				TargetAttributes = {
					1D86CD50254058C700E3ADC7 = {
						CreatedOnToolsVersion = 12.0.1;
					};
				};
			};
			buildConfigurationList = 1D86CD4C254058C700E3ADC7 /* Build configuration list for PBXProject "NVM-Graph" */;
			compatibilityVersion = "Xcode 9.3";
			developmentRegion = en;
			hasScannedForEncodings = 0;
			knownRegions = (
				en,
				Base,
			);
			mainGroup = 1D86CD48254058C700E3ADC7;
			productRefGroup = 1D86CD52254058C700E3ADC7 /* Products */;
			projectDirPath = "";
			projectRoot = "";
			targets = (
				1D86CD50254058C700E3ADC7 /* NVM-Graph */,
			);
		};
/* End PBXProject section */

/* Begin PBXSourcesBuildPhase section */
		1D86CD4D254058C700E3ADC7 /* Sources */ = {
			isa = PBXSourcesBuildPhase;
			buildActionMask = 2147483647;
			files = (
				1D86CD55254058C700E3ADC7 /* main.cpp in Sources */,
				1DA90E4525870615005F4F48 /* Direct_multigraph.cpp in Sources */,
				1DB8B02E2575F145003BD17C /* Derict_Graph.cpp in Sources */,
			);
			runOnlyForDeploymentPostprocessing = 0;
		};
/* End PBXSourcesBuildPhase section */

/* Begin XCBuildConfiguration section */
		1D86CD56254058C700E3ADC7 /* Debug */ = {
			isa = XCBuildConfiguration;
			buildSettings = {
				ALWAYS_SEARCH_USER_PATHS = NO;
				CLANG_ANALYZER_NONNULL = YES;
				CLANG_ANALYZER_NUMBER_OBJECT_CONVERSION = YES_AGGRESSIVE;
				CLANG_CXX_LANGUAGE_STANDARD = "gnu++14";
				CLANG_CXX_LIBRARY = "libc++";
				CLANG_ENABLE_MODULES = YES;
				CLANG_ENABLE_OBJC_ARC = YES;
				CLANG_ENABLE_OBJC_WEAK = YES;
				CLANG_WARN_BLOCK_CAPTURE_AUTORELEASING = YES;
				CLANG_WARN_BOOL_CONVERSION = YES;
				CLANG_WARN_COMMA = YES;
				CLANG_WARN_CONSTANT_CONVERSION = YES;
				CLANG_WARN_DEPRECATED_OBJC_IMPLEMENTATIONS = YES;
				CLANG_WARN_DIRECT_OBJC_ISA_USAGE = YES_ERROR;
				CLANG_WARN_DOCUMENTATION_COMMENTS = YES;
				CLANG_WARN_EMPTY_BODY = YES;
				CLANG_WARN_ENUM_CONVERSION = YES;
				CLANG_WARN_INFINITE_RECURSION = YES;
				CLANG_WARN_INT_CONVERSION = YES;
				CLANG_WARN_NON_LITERAL_NULL_CONVERSION = YES;
				CLANG_WARN_OBJC_IMPLICIT_RETAIN_SELF = YES;
				CLANG_WARN_OBJC_LITERAL_CONVERSION = YES;
				CLANG_WARN_OBJC_ROOT_CLASS = YES_ERROR;
				CLANG_WARN_QUOTED_INCLUDE_IN_FRAMEWORK_HEADER = YES;
				CLANG_WARN_RANGE_LOOP_ANALYSIS = YES;
				CLANG_WARN_STRICT_PROTOTYPES = YES;
				CLANG_WARN_SUSPICIOUS_MOVE = YES;
				CLANG_WARN_UNGUARDED_AVAILABILITY = YES_AGGRESSIVE;
				CLANG_WARN_UNREACHABLE_CODE = YES;
				CLANG_WARN__DUPLICATE_METHOD_MATCH = YES;
				COPY_PHASE_STRIP = NO;
				DEBUG_INFORMATION_FORMAT = dwarf;
				ENABLE_STRICT_OBJC_MSGSEND = YES;
				ENABLE_TESTABILITY = YES;
				GCC_C_LANGUAGE_STANDARD = gnu11;
				GCC_DYNAMIC_NO_PIC = NO;
				GCC_NO_COMMON_BLOCKS = YES;
				GCC_OPTIMIZATION_LEVEL = 0;
				GCC_PREPROCESSOR_DEFINITIONS = (
					"DEBUG=1",
					"$(inherited)",
				);
				GCC_WARN_64_TO_32_BIT_CONVERSION = YES;
				GCC_WARN_ABOUT_RETURN_TYPE = YES_ERROR;
				GCC_WARN_UNDECLARED_SELECTOR = YES;
				GCC_WARN_UNINITIALIZED_AUTOS = YES_AGGRESSIVE;
				GCC_WARN_UNUSED_FUNCTION = YES;
				GCC_WARN_UNUSED_VARIABLE = YES;
				MACOSX_DEPLOYMENT_TARGET = 10.15;
				MTL_ENABLE_DEBUG_INFO = INCLUDE_SOURCE;
				MTL_FAST_MATH = YES;
				ONLY_ACTIVE_ARCH = YES;
				SDKROOT = macosx;
			};
			name = Debug;
		};
		1D86CD57254058C700E3ADC7 /* Release */ = {
			isa = XCBuildConfiguration;
			buildSettings = {
				ALWAYS_SEARCH_USER_PATHS = NO;
				CLANG_ANALYZER_NONNULL = YES;
				CLANG_ANALYZER_NUMBER_OBJECT_CONVERSION = YES_AGGRESSIVE;
				CLANG_CXX_LANGUAGE_STANDARD = "gnu++14";
				CLANG_CXX_LIBRARY = "libc++";
				CLANG_ENABLE_MODULES = YES;
				CLANG_ENABLE_OBJC_ARC = YES;
				CLANG_ENABLE_OBJC_WEAK = YES;
				CLANG_WARN_BLOCK_CAPTURE_AUTORELEASING = YES;
				CLANG_WARN_BOOL_CONVERSION = YES;
				CLANG_WARN_COMMA = YES;
				CLANG_WARN_CONSTANT_CONVERSION = YES;
				CLANG_WARN_DEPRECATED_OBJC_IMPLEMENTATIONS = YES;
				CLANG_WARN_DIRECT_OBJC_ISA_USAGE = YES_ERROR;
				CLANG_WARN_DOCUMENTATION_COMMENTS = YES;
				CLANG_WARN_EMPTY_BODY = YES;
				CLANG_WARN_ENUM_CONVERSION = YES;
				CLANG_WARN_INFINITE_RECURSION = YES;
				CLANG_WARN_INT_CONVERSION = YES;
				CLANG_WARN_NON_LITERAL_NULL_CONVERSION = YES;
				CLANG_WARN_OBJC_IMPLICIT_RETAIN_SELF = YES;
				CLANG_WARN_OBJC_LITERAL_CONVERSION = YES;
				CLANG_WARN_OBJC_ROOT_CLASS = YES_ERROR;
				CLANG_WARN_QUOTED_INCLUDE_IN_FRAMEWORK_HEADER = YES;
				CLANG_WARN_RANGE_LOOP_ANALYSIS = YES;
				CLANG_WARN_STRICT_PROTOTYPES = YES;
				CLANG_WARN_SUSPICIOUS_MOVE = YES;
				CLANG_WARN_UNGUARDED_AVAILABILITY = YES_AGGRESSIVE;
				CLANG_WARN_UNREACHABLE_CODE = YES;
				CLANG_WARN__DUPLICATE_METHOD_MATCH = YES;
				COPY_PHASE_STRIP = NO;
				DEBUG_INFORMATION_FORMAT = "dwarf-with-dsym";
				ENABLE_NS_ASSERTIONS = NO;
				ENABLE_STRICT_OBJC_MSGSEND = YES;
				GCC_C_LANGUAGE_STANDARD = gnu11;
				GCC_NO_COMMON_BLOCKS = YES;
				GCC_WARN_64_TO_32_BIT_CONVERSION = YES;
				GCC_WARN_ABOUT_RETURN_TYPE = YES_ERROR;
				GCC_WARN_UNDECLARED_SELECTOR = YES;
				GCC_WARN_UNINITIALIZED_AUTOS = YES_AGGRESSIVE;
				GCC_WARN_UNUSED_FUNCTION = YES;
				GCC_WARN_UNUSED_VARIABLE = YES;
				MACOSX_DEPLOYMENT_TARGET = 10.15;
				MTL_ENABLE_DEBUG_INFO = NO;
				MTL_FAST_MATH = YES;
				SDKROOT = macosx;
			};
			name = Release;
		};
		1D86CD59254058C700E3ADC7 /* Debug */ = {
			isa = XCBuildConfiguration;
			buildSettings = {
				CODE_SIGN_STYLE = Automatic;
				PRODUCT_NAME = "$(TARGET_NAME)";
			};
			name = Debug;
		};
		1D86CD5A254058C700E3ADC7 /* Release */ = {
			isa = XCBuildConfiguration;
			buildSettings = {
				CODE_SIGN_STYLE = Automatic;
				PRODUCT_NAME = "$(TARGET_NAME)";
			};
			name = Release;
		};
/* End XCBuildConfiguration section */

/* Begin XCConfigurationList section */
		1D86CD4C254058C700E3ADC7 /* Build configuration list for PBXProject "NVM-Graph" */ = {
			isa = XCConfigurationList;
			buildConfigurations = (
				1D86CD56254058C700E3ADC7 /* Debug */,
				1D86CD57254058C700E3ADC7 /* Release */,
			);
			defaultConfigurationIsVisible = 0;
			defaultConfigurationName = Release;
		};
		1D86CD58254058C700E3ADC7 /* Build configuration list for PBXNativeTarget "NVM-Graph" */ = {
			isa = XCConfigurationList;
			buildConfigurations = (
				1D86CD59254058C700E3ADC7 /* Debug */,
				1D86CD5A254058C700E3ADC7 /* Release */,
			);
			defaultConfigurationIsVisible = 0;
			defaultConfigurationName = Release;
		};
/* End XCConfigurationList section */
	};
	rootObject = 1D86CD49254058C700E3ADC7 /* Project object */;
}
